
Microsoft Visual Studio Solution File, Format Version 12.00
# Visual Studio Version 17
VisualStudioVersion = 17.2.32630.192
MinimumVisualStudioVersion = 10.0.40219.1
Project("{2150E333-8FDC-42A3-9474-1A3956D46DE8}") = "src", "src", "{760650DF-9F9C-473F-980F-1790E02AE001}"
EndProject
Project("{9A19103F-16F7-4668-BE54-9A1E7A4F7556}") = "api.customer", "src\api.customer.csproj", "{907E4EA0-FCF0-4635-8081-97DEFD594D0F}"
EndProject
Global
	GlobalSection(SolutionConfigurationPlatforms) = preSolution
		Debug|Any CPU = Debug|Any CPU
		Release|Any CPU = Release|Any CPU
	EndGlobalSection
	GlobalSection(ProjectConfigurationPlatforms) = postSolution
		{907E4EA0-FCF0-4635-8081-97DEFD594D0F}.Debug|Any CPU.ActiveCfg = Debug|Any CPU
		{907E4EA0-FCF0-4635-8081-97DEFD594D0F}.Debug|Any CPU.Build.0 = Debug|Any CPU
		{907E4EA0-FCF0-4635-8081-97DEFD594D0F}.Release|Any CPU.ActiveCfg = Release|Any CPU
		{907E4EA0-FCF0-4635-8081-97DEFD594D0F}.Release|Any CPU.Build.0 = Release|Any CPU
	EndGlobalSection
	GlobalSection(SolutionProperties) = preSolution
		HideSolutionNode = FALSE
	EndGlobalSection
	GlobalSection(NestedProjects) = preSolution
		{907E4EA0-FCF0-4635-8081-97DEFD594D0F} = {760650DF-9F9C-473F-980F-1790E02AE001}
	EndGlobalSection
	GlobalSection(ExtensibilityGlobals) = postSolution
		SolutionGuid = {77E8E5C8-5562-4606-8AEA-25D0CD421E12}
	EndGlobalSection
EndGlobal
